
Microsoft Visual Studio Solution File, Format Version 12.00
# Visual Studio Version 17
VisualStudioVersion = 17.0.31903.59
MinimumVisualStudioVersion = 10.0.40219.1
Project("{FAE04EC0-301F-11D3-BF4B-00C04F79EFBC}") = "TestCommon", "..\TestCommon\TestCommon.csproj", "{AE5062B7-D287-4CC1-84FC-005635DEE56E}"
EndProject
Project("{FAE04EC0-301F-11D3-BF4B-00C04F79EFBC}") = "A7", "A7\A7.csproj", "{4E1C9299-4126-41E3-969B-D6570E0245A7}"
EndProject
Global
	GlobalSection(SolutionConfigurationPlatforms) = preSolution
		Debug|Any CPU = Debug|Any CPU
		Release|Any CPU = Release|Any CPU
	EndGlobalSection
	GlobalSection(SolutionProperties) = preSolution
		HideSolutionNode = FALSE
	EndGlobalSection
	GlobalSection(ProjectConfigurationPlatforms) = postSolution
		{AE5062B7-D287-4CC1-84FC-005635DEE56E}.Debug|Any CPU.ActiveCfg = Debug|Any CPU
		{AE5062B7-D287-4CC1-84FC-005635DEE56E}.Debug|Any CPU.Build.0 = Debug|Any CPU
		{AE5062B7-D287-4CC1-84FC-005635DEE56E}.Release|Any CPU.ActiveCfg = Release|Any CPU
		{AE5062B7-D287-4CC1-84FC-005635DEE56E}.Release|Any CPU.Build.0 = Release|Any CPU
		{4E1C9299-4126-41E3-969B-D6570E0245A7}.Debug|Any CPU.ActiveCfg = Debug|Any CPU
		{4E1C9299-4126-41E3-969B-D6570E0245A7}.Debug|Any CPU.Build.0 = Debug|Any CPU
		{4E1C9299-4126-41E3-969B-D6570E0245A7}.Release|Any CPU.ActiveCfg = Release|Any CPU
		{4E1C9299-4126-41E3-969B-D6570E0245A7}.Release|Any CPU.Build.0 = Release|Any CPU
	EndGlobalSection
EndGlobal
